PODS:
  - SDWebImage (5.11.0):
    - SDWebImage/Core (= 5.11.0)
  - SDWebImage/Core (5.11.0)

DEPENDENCIES:
  - SDWebImage

SPEC REPOS:
  trunk:
    - SDWebImage

SPEC CHECKSUMS:
  SDWebImage: 7acbb57630ac7db4a495547fb73916ff3e432f6b

PODFILE CHECKSUM: a89aa09fc03e528f9ddeb5e42e21e5ba08fa0ad9

COCOAPODS: 1.11.2
